
Microsoft Visual Studio Solution File, Format Version 12.00
# Visual Studio Version 16
VisualStudioVersion = 16.0.30717.126
MinimumVisualStudioVersion = 10.0.40219.1
Project("{FAE04EC0-301F-11D3-BF4B-00C04F79EFBC}") = "ClientAppGiaBuild", "ClientAppGiaBuild.csproj", "{73DB098E-45FB-4DCD-B78D-CD5534367AA9}"
EndProject
Global
	GlobalSection(SolutionConfigurationPlatforms) = preSolution
		Debug|Any CPU = Debug|Any CPU
		Release|Any CPU = Release|Any CPU
	EndGlobalSection
	GlobalSection(ProjectConfigurationPlatforms) = postSolution
		{73DB098E-45FB-4DCD-B78D-CD5534367AA9}.Debug|Any CPU.ActiveCfg = Debug|Any CPU
		{73DB098E-45FB-4DCD-B78D-CD5534367AA9}.Debug|Any CPU.Build.0 = Debug|Any CPU
		{73DB098E-45FB-4DCD-B78D-CD5534367AA9}.Release|Any CPU.ActiveCfg = Release|Any CPU
		{73DB098E-45FB-4DCD-B78D-CD5534367AA9}.Release|Any CPU.Build.0 = Release|Any CPU
	EndGlobalSection
	GlobalSection(SolutionProperties) = preSolution
		HideSolutionNode = FALSE
	EndGlobalSection
	GlobalSection(ExtensibilityGlobals) = postSolution
		SolutionGuid = {D1F3AA1E-6E65-4FAA-8403-ACDD07B2CC2E}
	EndGlobalSection
EndGlobal
